// !$*UTF8*$!
{
	archiveVersion = 1;
	classes = {
	};
	objectVersion = 46;
	objects = {

/* Begin PBXBuildFile section */
		F503E4DB19048C6700C3590A /* Cocoa.framework in Frameworks */ = {isa = PBXBuildFile; fileRef = F503E4DA19048C6700C3590A /* Cocoa.framework */; };
		F503E52419048E2D00C3590A /* libglfw3.a in Frameworks */ = {isa = PBXBuildFile; fileRef = F503E52319048E2D00C3590A /* libglfw3.a */; };
		F503E52619048E5000C3590A /* OpenGL.framework in Frameworks */ = {isa = PBXBuildFile; fileRef = F503E52519048E5000C3590A /* OpenGL.framework */; };
		F503E52919048E7300C3590A /* IOKit.framework in Frameworks */ = {isa = PBXBuildFile; fileRef = F503E52819048E7300C3590A /* IOKit.framework */; };
		F53304C81B09DEC300D8C3C7 /* menu.cpp in Sources */ = {isa = PBXBuildFile; fileRef = F53304C61B09DEC300D8C3C7 /* menu.cpp */; };
		F578323E1AFBE859005FE829 /* ui.cpp in Sources */ = {isa = PBXBuildFile; fileRef = F578323C1AFBE859005FE829 /* ui.cpp */; };
		F57832401AFC20B7005FE829 /* weapons.xml in CopyFiles */ = {isa = PBXBuildFile; fileRef = F578323F1AFC20B1005FE829 /* weapons.xml */; };
		F595E9D71AB2402D0006F8C7 /* libnya_engine.a in Frameworks */ = {isa = PBXBuildFile; fileRef = F503E51F19048D4A00C3590A /* libnya_engine.a */; };
		F59AB5921AFA389500137527 /* game.cpp in Sources */ = {isa = PBXBuildFile; fileRef = F59AB5901AFA389500137527 /* game.cpp */; };
		F59AB5A71AFA4F1800137527 /* scene.cpp in Sources */ = {isa = PBXBuildFile; fileRef = F59AB5981AFA4F1800137527 /* scene.cpp */; };
		F59AB5A81AFA4F1800137527 /* fhm_location.cpp in Sources */ = {isa = PBXBuildFile; fileRef = F59AB5991AFA4F1800137527 /* fhm_location.cpp */; };
		F59AB5A91AFA4F1800137527 /* fhm_mesh.cpp in Sources */ = {isa = PBXBuildFile; fileRef = F59AB59A1AFA4F1800137527 /* fhm_mesh.cpp */; };
		F59AB5AA1AFA4F1800137527 /* location_params.cpp in Sources */ = {isa = PBXBuildFile; fileRef = F59AB59C1AFA4F1800137527 /* location_params.cpp */; };
		F59AB5AB1AFA4F1800137527 /* model.cpp in Sources */ = {isa = PBXBuildFile; fileRef = F59AB59D1AFA4F1800137527 /* model.cpp */; };
		F59AB5AC1AFA4F1800137527 /* clouds.cpp in Sources */ = {isa = PBXBuildFile; fileRef = F59AB59E1AFA4F1800137527 /* clouds.cpp */; };
		F59AB5AD1AFA4F1800137527 /* shared.cpp in Sources */ = {isa = PBXBuildFile; fileRef = F59AB5A01AFA4F1800137527 /* shared.cpp */; };
		F59AB5AE1AFA4F1800137527 /* location.cpp in Sources */ = {isa = PBXBuildFile; fileRef = F59AB5A31AFA4F1800137527 /* location.cpp */; };
		F59AB5B11AFA4FEC00137527 /* world.cpp in Sources */ = {isa = PBXBuildFile; fileRef = F59AB5AF1AFA4FEC00137527 /* world.cpp */; };
		F59AB5B41AFA799B00137527 /* lens_flare.cpp in Sources */ = {isa = PBXBuildFile; fileRef = F59AB5B21AFA799B00137527 /* lens_flare.cpp */; };
		F59AB5B71AFA7D1600137527 /* plane_camera.cpp in Sources */ = {isa = PBXBuildFile; fileRef = F59AB5B51AFA7D1600137527 /* plane_camera.cpp */; };
		F59AB5BA1AFAA0C000137527 /* aircraft.cpp in Sources */ = {isa = PBXBuildFile; fileRef = F59AB5B91AFAA0C000137527 /* aircraft.cpp */; };
		F5A2A2D71AFE3258009765C1 /* missile_trail.cpp in Sources */ = {isa = PBXBuildFile; fileRef = F5A2A2D61AFE3258009765C1 /* missile_trail.cpp */; };
		F5A2A2DC1AFE86E4009765C1 /* hud.cpp in Sources */ = {isa = PBXBuildFile; fileRef = F5A2A2DA1AFE86E4009765C1 /* hud.cpp */; };
		F5A2A2E41B05466C009765C1 /* ai.cpp in Sources */ = {isa = PBXBuildFile; fileRef = F5A2A2E01B05466C009765C1 /* ai.cpp */; };
		F5A2A2E51B05466C009765C1 /* deathmatch.cpp in Sources */ = {isa = PBXBuildFile; fileRef = F5A2A2E11B05466C009765C1 /* deathmatch.cpp */; };
		F5A2A2E61B05466C009765C1 /* free_flight.cpp in Sources */ = {isa = PBXBuildFile; fileRef = F5A2A2E21B05466C009765C1 /* free_flight.cpp */; };
		F5A2A2E71B05466C009765C1 /* team_deathmatch.cpp in Sources */ = {isa = PBXBuildFile; fileRef = F5A2A2E31B05466C009765C1 /* team_deathmatch.cpp */; };
		F5C6D3861AF9694D006FB7E6 /* demo.cpp in Sources */ = {isa = PBXBuildFile; fileRef = F5C6D3851AF9694D006FB7E6 /* demo.cpp */; };
		F5C6D3911AF969A5006FB7E6 /* dpl.cpp in Sources */ = {isa = PBXBuildFile; fileRef = F5C6D3881AF969A5006FB7E6 /* dpl.cpp */; };
		F5C6D3921AF969A5006FB7E6 /* fhm.cpp in Sources */ = {isa = PBXBuildFile; fileRef = F5C6D38C1AF969A5006FB7E6 /* fhm.cpp */; };
		F5C6D3931AF969A5006FB7E6 /* qdf.cpp in Sources */ = {isa = PBXBuildFile; fileRef = F5C6D38E1AF969A5006FB7E6 /* qdf.cpp */; };
		F5C6D3991AF969BE006FB7E6 /* physics.cpp in Sources */ = {isa = PBXBuildFile; fileRef = F5C6D3951AF969BE006FB7E6 /* physics.cpp */; };
		F5C6D39A1AF969BE006FB7E6 /* plane_params.cpp in Sources */ = {isa = PBXBuildFile; fileRef = F5C6D3971AF969BE006FB7E6 /* plane_params.cpp */; };
		F5C6D39E1AF96A18006FB7E6 /* DATA.PAC.xml in CopyFiles */ = {isa = PBXBuildFile; fileRef = F5C6D39B1AF96A08006FB7E6 /* DATA.PAC.xml */; };
		F5C6D39F1AF96A18006FB7E6 /* postprocess.txt in CopyFiles */ = {isa = PBXBuildFile; fileRef = F5C6D39C1AF96A08006FB7E6 /* postprocess.txt */; };
		F5C6D3A01AF96A18006FB7E6 /* shaders in CopyFiles */ = {isa = PBXBuildFile; fileRef = F5C6D39D1AF96A08006FB7E6 /* shaders */; };
		F5D796A219B3432C006269F0 /* pugixml.cpp in Sources */ = {isa = PBXBuildFile; fileRef = F5D7969F19B3432C006269F0 /* pugixml.cpp */; };
		F5DFAD8B19BB248C00786736 /* libz.dylib in Frameworks */ = {isa = PBXBuildFile; fileRef = F5DFAD8A19BB248C00786736 /* libz.dylib */; };
/* End PBXBuildFile section */

/* Begin PBXContainerItemProxy section */
		F503E51E19048D4A00C3590A /* PBXContainerItemProxy */ = {
			isa = PBXContainerItemProxy;
			containerPortal = F503E51919048D4A00C3590A /* nya_engine.xcodeproj */;
			proxyType = 2;
			remoteGlobalIDString = F25931E215D857C40092C7D8;
			remoteInfo = nya_engine;
		};
		F503E52019048D4A00C3590A /* PBXContainerItemProxy */ = {
			isa = PBXContainerItemProxy;
			containerPortal = F503E51919048D4A00C3590A /* nya_engine.xcodeproj */;
			proxyType = 2;
			remoteGlobalIDString = F23AB544168DBA16004B116E;
			remoteInfo = nya_engine_ios;
		};
/* End PBXContainerItemProxy section */

/* Begin PBXCopyFilesBuildPhase section */
		F5DAA8C81AD7CE3300C2C633 /* CopyFiles */ = {
			isa = PBXCopyFilesBuildPhase;
			buildActionMask = 2147483647;
			dstPath = "";
			dstSubfolderSpec = 16;
			files = (
				F57832401AFC20B7005FE829 /* weapons.xml in CopyFiles */,
				F5C6D39E1AF96A18006FB7E6 /* DATA.PAC.xml in CopyFiles */,
				F5C6D39F1AF96A18006FB7E6 /* postprocess.txt in CopyFiles */,
				F5C6D3A01AF96A18006FB7E6 /* shaders in CopyFiles */,
			);
			runOnlyForDeploymentPostprocessing = 0;
		};
/* End PBXCopyFilesBuildPhase section */

/* Begin PBXFileReference section */
		F503E4D719048C6700C3590A /* open-horizon-demo.app */ = {isa = PBXFileReference; explicitFileType = wrapper.application; includeInIndex = 0; path = "open-horizon-demo.app"; sourceTree = BUILT_PRODUCTS_DIR; };
		F503E4DA19048C6700C3590A /* Cocoa.framework */ = {isa = PBXFileReference; lastKnownFileType = wrapper.framework; name = Cocoa.framework; path = System/Library/Frameworks/Cocoa.framework; sourceTree = SDKROOT; };
		F503E4DD19048C6700C3590A /* AppKit.framework */ = {isa = PBXFileReference; lastKnownFileType = wrapper.framework; name = AppKit.framework; path = System/Library/Frameworks/AppKit.framework; sourceTree = SDKROOT; };
		F503E4DE19048C6700C3590A /* CoreData.framework */ = {isa = PBXFileReference; lastKnownFileType = wrapper.framework; name = CoreData.framework; path = System/Library/Frameworks/CoreData.framework; sourceTree = SDKROOT; };
		F503E4DF19048C6700C3590A /* Foundation.framework */ = {isa = PBXFileReference; lastKnownFileType = wrapper.framework; name = Foundation.framework; path = System/Library/Frameworks/Foundation.framework; sourceTree = SDKROOT; };
		F503E4E219048C6700C3590A /* open-horizon-demo-Info.plist */ = {isa = PBXFileReference; lastKnownFileType = text.plist.xml; path = "open-horizon-demo-Info.plist"; sourceTree = "<group>"; };
		F503E4F919048C6700C3590A /* XCTest.framework */ = {isa = PBXFileReference; lastKnownFileType = wrapper.framework; name = XCTest.framework; path = Library/Frameworks/XCTest.framework; sourceTree = DEVELOPER_DIR; };
		F503E51919048D4A00C3590A /* nya_engine.xcodeproj */ = {isa = PBXFileReference; lastKnownFileType = "wrapper.pb-project"; name = nya_engine.xcodeproj; path = "../deps/nya-engine/build/xcode/nya_engine.xcodeproj"; sourceTree = "<group>"; };
		F503E52319048E2D00C3590A /* libglfw3.a */ = {isa = PBXFileReference; lastKnownFileType = archive.ar; name = libglfw3.a; path = "../deps/glfw-bin/lib/libglfw3.a"; sourceTree = "<group>"; };
		F503E52519048E5000C3590A /* OpenGL.framework */ = {isa = PBXFileReference; lastKnownFileType = wrapper.framework; name = OpenGL.framework; path = System/Library/Frameworks/OpenGL.framework; sourceTree = SDKROOT; };
		F503E52819048E7300C3590A /* IOKit.framework */ = {isa = PBXFileReference; lastKnownFileType = wrapper.framework; name = IOKit.framework; path = System/Library/Frameworks/IOKit.framework; sourceTree = SDKROOT; };
		F53304C61B09DEC300D8C3C7 /* menu.cpp */ = {isa = PBXFileReference; fileEncoding = 4; lastKnownFileType = sourcecode.cpp.cpp; name = menu.cpp; path = ../gui/menu.cpp; sourceTree = "<group>"; };
		F53304C71B09DEC300D8C3C7 /* menu.h */ = {isa = PBXFileReference; fileEncoding = 4; lastKnownFileType = sourcecode.c.h; name = menu.h; path = ../gui/menu.h; sourceTree = "<group>"; };
		F561C5FA1AFD24E900D8DD14 /* half.h */ = {isa = PBXFileReference; fileEncoding = 4; lastKnownFileType = sourcecode.c.h; name = half.h; path = ../util/half.h; sourceTree = "<group>"; };
		F578323C1AFBE859005FE829 /* ui.cpp */ = {isa = PBXFileReference; fileEncoding = 4; lastKnownFileType = sourcecode.cpp.cpp; name = ui.cpp; path = ../gui/ui.cpp; sourceTree = "<group>"; };
		F578323D1AFBE859005FE829 /* ui.h */ = {isa = PBXFileReference; fileEncoding = 4; lastKnownFileType = sourcecode.c.h; name = ui.h; path = ../gui/ui.h; sourceTree = "<group>"; };
		F578323F1AFC20B1005FE829 /* weapons.xml */ = {isa = PBXFileReference; fileEncoding = 4; lastKnownFileType = text.xml; name = weapons.xml; path = ../resources/weapons.xml; sourceTree = "<group>"; };
		F59AB5901AFA389500137527 /* game.cpp */ = {isa = PBXFileReference; fileEncoding = 4; lastKnownFileType = sourcecode.cpp.cpp; name = game.cpp; path = ../game/game.cpp; sourceTree = "<group>"; };
		F59AB5911AFA389500137527 /* game.h */ = {isa = PBXFileReference; fileEncoding = 4; lastKnownFileType = sourcecode.c.h; name = game.h; path = ../game/game.h; sourceTree = "<group>"; };
		F59AB5971AFA4F1800137527 /* scene.h */ = {isa = PBXFileReference; fileEncoding = 4; lastKnownFileType = sourcecode.c.h; name = scene.h; path = ../renderer/scene.h; sourceTree = "<group>"; };
		F59AB5981AFA4F1800137527 /* scene.cpp */ = {isa = PBXFileReference; fileEncoding = 4; lastKnownFileType = sourcecode.cpp.cpp; name = scene.cpp; path = ../renderer/scene.cpp; sourceTree = "<group>"; };
		F59AB5991AFA4F1800137527 /* fhm_location.cpp */ = {isa = PBXFileReference; fileEncoding = 4; lastKnownFileType = sourcecode.cpp.cpp; name = fhm_location.cpp; path = ../renderer/fhm_location.cpp; sourceTree = "<group>"; };
		F59AB59A1AFA4F1800137527 /* fhm_mesh.cpp */ = {isa = PBXFileReference; fileEncoding = 4; lastKnownFileType = sourcecode.cpp.cpp; name = fhm_mesh.cpp; path = ../renderer/fhm_mesh.cpp; sourceTree = "<group>"; };
		F59AB59B1AFA4F1800137527 /* location_params.h */ = {isa = PBXFileReference; fileEncoding = 4; lastKnownFileType = sourcecode.c.h; name = location_params.h; path = ../renderer/location_params.h; sourceTree = "<group>"; };
		F59AB59C1AFA4F1800137527 /* location_params.cpp */ = {isa = PBXFileReference; fileEncoding = 4; lastKnownFileType = sourcecode.cpp.cpp; name = location_params.cpp; path = ../renderer/location_params.cpp; sourceTree = "<group>"; };
		F59AB59D1AFA4F1800137527 /* model.cpp */ = {isa = PBXFileReference; fileEncoding = 4; lastKnownFileType = sourcecode.cpp.cpp; name = model.cpp; path = ../renderer/model.cpp; sourceTree = "<group>"; };
		F59AB59E1AFA4F1800137527 /* clouds.cpp */ = {isa = PBXFileReference; fileEncoding = 4; lastKnownFileType = sourcecode.cpp.cpp; name = clouds.cpp; path = ../renderer/clouds.cpp; sourceTree = "<group>"; };
		F59AB59F1AFA4F1800137527 /* shared.h */ = {isa = PBXFileReference; fileEncoding = 4; lastKnownFileType = sourcecode.c.h; name = shared.h; path = ../renderer/shared.h; sourceTree = "<group>"; };
		F59AB5A01AFA4F1800137527 /* shared.cpp */ = {isa = PBXFileReference; fileEncoding = 4; lastKnownFileType = sourcecode.cpp.cpp; name = shared.cpp; path = ../renderer/shared.cpp; sourceTree = "<group>"; };
		F59AB5A11AFA4F1800137527 /* model.h */ = {isa = PBXFileReference; fileEncoding = 4; lastKnownFileType = sourcecode.c.h; name = model.h; path = ../renderer/model.h; sourceTree = "<group>"; };
		F59AB5A21AFA4F1800137527 /* fhm_mesh.h */ = {isa = PBXFileReference; fileEncoding = 4; lastKnownFileType = sourcecode.c.h; name = fhm_mesh.h; path = ../renderer/fhm_mesh.h; sourceTree = "<group>"; };
		F59AB5A31AFA4F1800137527 /* location.cpp */ = {isa = PBXFileReference; fileEncoding = 4; lastKnownFileType = sourcecode.cpp.cpp; name = location.cpp; path = ../renderer/location.cpp; sourceTree = "<group>"; };
		F59AB5A41AFA4F1800137527 /* location.h */ = {isa = PBXFileReference; fileEncoding = 4; lastKnownFileType = sourcecode.c.h; name = location.h; path = ../renderer/location.h; sourceTree = "<group>"; };
		F59AB5A51AFA4F1800137527 /* fhm_location.h */ = {isa = PBXFileReference; fileEncoding = 4; lastKnownFileType = sourcecode.c.h; name = fhm_location.h; path = ../renderer/fhm_location.h; sourceTree = "<group>"; };
		F59AB5A61AFA4F1800137527 /* clouds.h */ = {isa = PBXFileReference; fileEncoding = 4; lastKnownFileType = sourcecode.c.h; name = clouds.h; path = ../renderer/clouds.h; sourceTree = "<group>"; };
		F59AB5AF1AFA4FEC00137527 /* world.cpp */ = {isa = PBXFileReference; fileEncoding = 4; lastKnownFileType = sourcecode.cpp.cpp; name = world.cpp; path = ../renderer/world.cpp; sourceTree = "<group>"; };
		F59AB5B01AFA4FEC00137527 /* world.h */ = {isa = PBXFileReference; fileEncoding = 4; lastKnownFileType = sourcecode.c.h; name = world.h; path = ../renderer/world.h; sourceTree = "<group>"; };
		F59AB5B21AFA799B00137527 /* lens_flare.cpp */ = {isa = PBXFileReference; fileEncoding = 4; lastKnownFileType = sourcecode.cpp.cpp; name = lens_flare.cpp; path = ../renderer/lens_flare.cpp; sourceTree = "<group>"; };
		F59AB5B31AFA799B00137527 /* lens_flare.h */ = {isa = PBXFileReference; fileEncoding = 4; lastKnownFileType = sourcecode.c.h; name = lens_flare.h; path = ../renderer/lens_flare.h; sourceTree = "<group>"; };
		F59AB5B51AFA7D1600137527 /* plane_camera.cpp */ = {isa = PBXFileReference; fileEncoding = 4; lastKnownFileType = sourcecode.cpp.cpp; name = plane_camera.cpp; path = ../renderer/plane_camera.cpp; sourceTree = "<group>"; };
		F59AB5B61AFA7D1600137527 /* plane_camera.h */ = {isa = PBXFileReference; fileEncoding = 4; lastKnownFileType = sourcecode.c.h; name = plane_camera.h; path = ../renderer/plane_camera.h; sourceTree = "<group>"; };
		F59AB5B81AFAA0C000137527 /* aircraft.h */ = {isa = PBXFileReference; fileEncoding = 4; lastKnownFileType = sourcecode.c.h; name = aircraft.h; path = ../renderer/aircraft.h; sourceTree = "<group>"; };
		F59AB5B91AFAA0C000137527 /* aircraft.cpp */ = {isa = PBXFileReference; fileEncoding = 4; lastKnownFileType = sourcecode.cpp.cpp; name = aircraft.cpp; path = ../renderer/aircraft.cpp; sourceTree = "<group>"; };
		F5A2A2D51AFE3258009765C1 /* missile_trail.h */ = {isa = PBXFileReference; fileEncoding = 4; lastKnownFileType = sourcecode.c.h; name = missile_trail.h; path = ../renderer/missile_trail.h; sourceTree = "<group>"; };
		F5A2A2D61AFE3258009765C1 /* missile_trail.cpp */ = {isa = PBXFileReference; fileEncoding = 4; lastKnownFileType = sourcecode.cpp.cpp; name = missile_trail.cpp; path = ../renderer/missile_trail.cpp; sourceTree = "<group>"; };
		F5A2A2DA1AFE86E4009765C1 /* hud.cpp */ = {isa = PBXFileReference; fileEncoding = 4; lastKnownFileType = sourcecode.cpp.cpp; name = hud.cpp; path = ../gui/hud.cpp; sourceTree = "<group>"; };
		F5A2A2DB1AFE86E4009765C1 /* hud.h */ = {isa = PBXFileReference; fileEncoding = 4; lastKnownFileType = sourcecode.c.h; name = hud.h; path = ../gui/hud.h; sourceTree = "<group>"; };
		F5A2A2DD1B05466C009765C1 /* ai.h */ = {isa = PBXFileReference; fileEncoding = 4; lastKnownFileType = sourcecode.c.h; name = ai.h; path = ../game/ai.h; sourceTree = "<group>"; };
		F5A2A2DE1B05466C009765C1 /* free_flight.h */ = {isa = PBXFileReference; fileEncoding = 4; lastKnownFileType = sourcecode.c.h; name = free_flight.h; path = ../game/free_flight.h; sourceTree = "<group>"; };
		F5A2A2DF1B05466C009765C1 /* team_deathmatch.h */ = {isa = PBXFileReference; fileEncoding = 4; lastKnownFileType = sourcecode.c.h; name = team_deathmatch.h; path = ../game/team_deathmatch.h; sourceTree = "<group>"; };
		F5A2A2E01B05466C009765C1 /* ai.cpp */ = {isa = PBXFileReference; fileEncoding = 4; lastKnownFileType = sourcecode.cpp.cpp; name = ai.cpp; path = ../game/ai.cpp; sourceTree = "<group>"; };
		F5A2A2E11B05466C009765C1 /* deathmatch.cpp */ = {isa = PBXFileReference; fileEncoding = 4; lastKnownFileType = sourcecode.cpp.cpp; name = deathmatch.cpp; path = ../game/deathmatch.cpp; sourceTree = "<group>"; };
		F5A2A2E21B05466C009765C1 /* free_flight.cpp */ = {isa = PBXFileReference; fileEncoding = 4; lastKnownFileType = sourcecode.cpp.cpp; name = free_flight.cpp; path = ../game/free_flight.cpp; sourceTree = "<group>"; };
		F5A2A2E31B05466C009765C1 /* team_deathmatch.cpp */ = {isa = PBXFileReference; fileEncoding = 4; lastKnownFileType = sourcecode.cpp.cpp; name = team_deathmatch.cpp; path = ../game/team_deathmatch.cpp; sourceTree = "<group>"; };
		F5A2A2E81B0546EF009765C1 /* deathmatch.h */ = {isa = PBXFileReference; fileEncoding = 4; lastKnownFileType = sourcecode.c.h; name = deathmatch.h; path = ../game/deathmatch.h; sourceTree = "<group>"; };
		F5C6D37C1AF968E7006FB7E6 /* params.h */ = {isa = PBXFileReference; fileEncoding = 4; lastKnownFileType = sourcecode.c.h; name = params.h; path = ../util/params.h; sourceTree = "<group>"; };
		F5C6D37D1AF968E7006FB7E6 /* xml.h */ = {isa = PBXFileReference; fileEncoding = 4; lastKnownFileType = sourcecode.c.h; name = xml.h; path = ../util/xml.h; sourceTree = "<group>"; };
		F5C6D3851AF9694D006FB7E6 /* demo.cpp */ = {isa = PBXFileReference; fileEncoding = 4; lastKnownFileType = sourcecode.cpp.cpp; path = demo.cpp; sourceTree = SOURCE_ROOT; };
		F5C6D3881AF969A5006FB7E6 /* dpl.cpp */ = {isa = PBXFileReference; fileEncoding = 4; lastKnownFileType = sourcecode.cpp.cpp; path = dpl.cpp; sourceTree = "<group>"; };
		F5C6D3891AF969A5006FB7E6 /* dpl.h */ = {isa = PBXFileReference; fileEncoding = 4; lastKnownFileType = sourcecode.c.h; path = dpl.h; sourceTree = "<group>"; };
		F5C6D38A1AF969A5006FB7E6 /* dpl_keys.h */ = {isa = PBXFileReference; fileEncoding = 4; lastKnownFileType = sourcecode.c.h; path = dpl_keys.h; sourceTree = "<group>"; };
		F5C6D38B1AF969A5006FB7E6 /* dpl_provider.h */ = {isa = PBXFileReference; fileEncoding = 4; lastKnownFileType = sourcecode.c.h; path = dpl_provider.h; sourceTree = "<group>"; };
		F5C6D38C1AF969A5006FB7E6 /* fhm.cpp */ = {isa = PBXFileReference; fileEncoding = 4; lastKnownFileType = sourcecode.cpp.cpp; path = fhm.cpp; sourceTree = "<group>"; };
		F5C6D38D1AF969A5006FB7E6 /* fhm.h */ = {isa = PBXFileReference; fileEncoding = 4; lastKnownFileType = sourcecode.c.h; path = fhm.h; sourceTree = "<group>"; };
		F5C6D38E1AF969A5006FB7E6 /* qdf.cpp */ = {isa = PBXFileReference; fileEncoding = 4; lastKnownFileType = sourcecode.cpp.cpp; path = qdf.cpp; sourceTree = "<group>"; };
		F5C6D38F1AF969A5006FB7E6 /* qdf.h */ = {isa = PBXFileReference; fileEncoding = 4; lastKnownFileType = sourcecode.c.h; path = qdf.h; sourceTree = "<group>"; };
		F5C6D3901AF969A5006FB7E6 /* qdf_provider.h */ = {isa = PBXFileReference; fileEncoding = 4; lastKnownFileType = sourcecode.c.h; path = qdf_provider.h; sourceTree = "<group>"; };
		F5C6D3951AF969BE006FB7E6 /* physics.cpp */ = {isa = PBXFileReference; fileEncoding = 4; lastKnownFileType = sourcecode.cpp.cpp; path = physics.cpp; sourceTree = "<group>"; };
		F5C6D3961AF969BE006FB7E6 /* physics.h */ = {isa = PBXFileReference; fileEncoding = 4; lastKnownFileType = sourcecode.c.h; path = physics.h; sourceTree = "<group>"; };
		F5C6D3971AF969BE006FB7E6 /* plane_params.cpp */ = {isa = PBXFileReference; fileEncoding = 4; lastKnownFileType = sourcecode.cpp.cpp; path = plane_params.cpp; sourceTree = "<group>"; };
		F5C6D3981AF969BE006FB7E6 /* plane_params.h */ = {isa = PBXFileReference; fileEncoding = 4; lastKnownFileType = sourcecode.c.h; path = plane_params.h; sourceTree = "<group>"; };
		F5C6D39B1AF96A08006FB7E6 /* DATA.PAC.xml */ = {isa = PBXFileReference; fileEncoding = 4; lastKnownFileType = text.xml; name = DATA.PAC.xml; path = ../resources/DATA.PAC.xml; sourceTree = "<group>"; };
		F5C6D39C1AF96A08006FB7E6 /* postprocess.txt */ = {isa = PBXFileReference; fileEncoding = 4; lastKnownFileType = text; name = postprocess.txt; path = ../resources/postprocess.txt; sourceTree = "<group>"; };
		F5C6D39D1AF96A08006FB7E6 /* shaders */ = {isa = PBXFileReference; lastKnownFileType = folder; name = shaders; path = ../resources/shaders; sourceTree = "<group>"; };
		F5C6D3A11AF96B4B006FB7E6 /* util.h */ = {isa = PBXFileReference; fileEncoding = 4; lastKnownFileType = sourcecode.c.h; name = util.h; path = ../util/util.h; sourceTree = "<group>"; };
		F5D7969F19B3432C006269F0 /* pugixml.cpp */ = {isa = PBXFileReference; fileEncoding = 4; lastKnownFileType = sourcecode.cpp.cpp; name = pugixml.cpp; path = "../deps/pugixml-1.4/src/pugixml.cpp"; sourceTree = "<group>"; };
		F5D796A019B3432C006269F0 /* pugiconfig.hpp */ = {isa = PBXFileReference; fileEncoding = 4; lastKnownFileType = sourcecode.cpp.h; name = pugiconfig.hpp; path = "../deps/pugixml-1.4/src/pugiconfig.hpp"; sourceTree = "<group>"; };
		F5D796A119B3432C006269F0 /* pugixml.hpp */ = {isa = PBXFileReference; fileEncoding = 4; lastKnownFileType = sourcecode.cpp.h; name = pugixml.hpp; path = "../deps/pugixml-1.4/src/pugixml.hpp"; sourceTree = "<group>"; };
		F5DFAD8A19BB248C00786736 /* libz.dylib */ = {isa = PBXFileReference; lastKnownFileType = "compiled.mach-o.dylib"; name = libz.dylib; path = usr/lib/libz.dylib; sourceTree = SDKROOT; };
/* End PBXFileReference section */

/* Begin PBXFrameworksBuildPhase section */
		F503E4D419048C6700C3590A /* Frameworks */ = {
			isa = PBXFrameworksBuildPhase;
			buildActionMask = 2147483647;
			files = (
				F595E9D71AB2402D0006F8C7 /* libnya_engine.a in Frameworks */,
				F5DFAD8B19BB248C00786736 /* libz.dylib in Frameworks */,
				F503E52919048E7300C3590A /* IOKit.framework in Frameworks */,
				F503E52619048E5000C3590A /* OpenGL.framework in Frameworks */,
				F503E52419048E2D00C3590A /* libglfw3.a in Frameworks */,
				F503E4DB19048C6700C3590A /* Cocoa.framework in Frameworks */,
			);
			runOnlyForDeploymentPostprocessing = 0;
		};
/* End PBXFrameworksBuildPhase section */

/* Begin PBXGroup section */
		F503E4CE19048C6700C3590A = {
			isa = PBXGroup;
			children = (
				F5C6D3851AF9694D006FB7E6 /* demo.cpp */,
				F5C6D3871AF969A5006FB7E6 /* containers */,
				F59AB58D1AFA387500137527 /* game */,
				F57832381AFBE804005FE829 /* gui */,
				F5C6D3941AF969BE006FB7E6 /* phys */,
				F5DAA8CB1AD7CE5000C2C633 /* resources */,
				F5C6D3641AF9689D006FB7E6 /* renderer */,
				F5C6D37A1AF968C5006FB7E6 /* util */,
				F503E4E019048C6700C3590A /* open-horizon-demo */,
				F5D796A319B34350006269F0 /* deps */,
				F503E4D919048C6700C3590A /* Frameworks */,
				F503E4D819048C6700C3590A /* Products */,
			);
			sourceTree = "<group>";
		};
		F503E4D819048C6700C3590A /* Products */ = {
			isa = PBXGroup;
			children = (
				F503E4D719048C6700C3590A /* open-horizon-demo.app */,
			);
			name = Products;
			sourceTree = "<group>";
		};
		F503E4D919048C6700C3590A /* Frameworks */ = {
			isa = PBXGroup;
			children = (
				F5DFAD8A19BB248C00786736 /* libz.dylib */,
				F503E52819048E7300C3590A /* IOKit.framework */,
				F503E52519048E5000C3590A /* OpenGL.framework */,
				F503E52319048E2D00C3590A /* libglfw3.a */,
				F503E4DA19048C6700C3590A /* Cocoa.framework */,
				F503E4F919048C6700C3590A /* XCTest.framework */,
				F503E4DC19048C6700C3590A /* Other Frameworks */,
			);
			name = Frameworks;
			sourceTree = "<group>";
		};
		F503E4DC19048C6700C3590A /* Other Frameworks */ = {
			isa = PBXGroup;
			children = (
				F503E4DD19048C6700C3590A /* AppKit.framework */,
				F503E4DE19048C6700C3590A /* CoreData.framework */,
				F503E4DF19048C6700C3590A /* Foundation.framework */,
			);
			name = "Other Frameworks";
			sourceTree = "<group>";
		};
		F503E4E019048C6700C3590A /* open-horizon-demo */ = {
			isa = PBXGroup;
			children = (
				F503E4E119048C6700C3590A /* Supporting Files */,
			);
			path = "open-horizon-demo";
			sourceTree = "<group>";
		};
		F503E4E119048C6700C3590A /* Supporting Files */ = {
			isa = PBXGroup;
			children = (
				F503E4E219048C6700C3590A /* open-horizon-demo-Info.plist */,
			);
			name = "Supporting Files";
			sourceTree = "<group>";
		};
		F503E51A19048D4A00C3590A /* Products */ = {
			isa = PBXGroup;
			children = (
				F503E51F19048D4A00C3590A /* libnya_engine.a */,
				F503E52119048D4A00C3590A /* libnya_engine_ios.a */,
			);
			name = Products;
			sourceTree = "<group>";
		};
		F57832381AFBE804005FE829 /* gui */ = {
			isa = PBXGroup;
			children = (
				F5A2A2DA1AFE86E4009765C1 /* hud.cpp */,
				F5A2A2DB1AFE86E4009765C1 /* hud.h */,
				F53304C61B09DEC300D8C3C7 /* menu.cpp */,
				F53304C71B09DEC300D8C3C7 /* menu.h */,
				F578323C1AFBE859005FE829 /* ui.cpp */,
				F578323D1AFBE859005FE829 /* ui.h */,
			);
			name = gui;
			sourceTree = "<group>";
		};
		F59AB58D1AFA387500137527 /* game */ = {
			isa = PBXGroup;
			children = (
				F5A2A2E01B05466C009765C1 /* ai.cpp */,
				F5A2A2DD1B05466C009765C1 /* ai.h */,
				F5A2A2E11B05466C009765C1 /* deathmatch.cpp */,
				F5A2A2E81B0546EF009765C1 /* deathmatch.h */,
				F5A2A2E21B05466C009765C1 /* free_flight.cpp */,
				F5A2A2DE1B05466C009765C1 /* free_flight.h */,
				F59AB5901AFA389500137527 /* game.cpp */,
				F59AB5911AFA389500137527 /* game.h */,
				F5A2A2E31B05466C009765C1 /* team_deathmatch.cpp */,
				F5A2A2DF1B05466C009765C1 /* team_deathmatch.h */,
			);
			name = game;
			sourceTree = "<group>";
		};
		F5C6D3641AF9689D006FB7E6 /* renderer */ = {
			isa = PBXGroup;
			children = (
				F59AB5B91AFAA0C000137527 /* aircraft.cpp */,
				F59AB5B81AFAA0C000137527 /* aircraft.h */,
				F59AB59E1AFA4F1800137527 /* clouds.cpp */,
				F59AB5A61AFA4F1800137527 /* clouds.h */,
				F59AB5991AFA4F1800137527 /* fhm_location.cpp */,
				F59AB5A51AFA4F1800137527 /* fhm_location.h */,
				F59AB59A1AFA4F1800137527 /* fhm_mesh.cpp */,
				F59AB5A21AFA4F1800137527 /* fhm_mesh.h */,
				F59AB5B21AFA799B00137527 /* lens_flare.cpp */,
				F59AB5B31AFA799B00137527 /* lens_flare.h */,
				F59AB5A31AFA4F1800137527 /* location.cpp */,
				F59AB5A41AFA4F1800137527 /* location.h */,
				F59AB59C1AFA4F1800137527 /* location_params.cpp */,
				F59AB59B1AFA4F1800137527 /* location_params.h */,
				F5A2A2D61AFE3258009765C1 /* missile_trail.cpp */,
				F5A2A2D51AFE3258009765C1 /* missile_trail.h */,
				F59AB59D1AFA4F1800137527 /* model.cpp */,
				F59AB5A11AFA4F1800137527 /* model.h */,
				F59AB5B51AFA7D1600137527 /* plane_camera.cpp */,
				F59AB5B61AFA7D1600137527 /* plane_camera.h */,
				F59AB5981AFA4F1800137527 /* scene.cpp */,
				F59AB5971AFA4F1800137527 /* scene.h */,
				F59AB5A01AFA4F1800137527 /* shared.cpp */,
				F59AB59F1AFA4F1800137527 /* shared.h */,
				F59AB5AF1AFA4FEC00137527 /* world.cpp */,
				F59AB5B01AFA4FEC00137527 /* world.h */,
			);
			name = renderer;
			sourceTree = "<group>";
		};
		F5C6D37A1AF968C5006FB7E6 /* util */ = {
			isa = PBXGroup;
			children = (
				F561C5FA1AFD24E900D8DD14 /* half.h */,
				F5C6D37C1AF968E7006FB7E6 /* params.h */,
				F5C6D3A11AF96B4B006FB7E6 /* util.h */,
				F5C6D37D1AF968E7006FB7E6 /* xml.h */,
			);
			name = util;
			sourceTree = "<group>";
		};
		F5C6D3871AF969A5006FB7E6 /* containers */ = {
			isa = PBXGroup;
			children = (
				F5C6D3881AF969A5006FB7E6 /* dpl.cpp */,
				F5C6D3891AF969A5006FB7E6 /* dpl.h */,
				F5C6D38A1AF969A5006FB7E6 /* dpl_keys.h */,
				F5C6D38B1AF969A5006FB7E6 /* dpl_provider.h */,
				F5C6D38C1AF969A5006FB7E6 /* fhm.cpp */,
				F5C6D38D1AF969A5006FB7E6 /* fhm.h */,
				F5C6D38E1AF969A5006FB7E6 /* qdf.cpp */,
				F5C6D38F1AF969A5006FB7E6 /* qdf.h */,
				F5C6D3901AF969A5006FB7E6 /* qdf_provider.h */,
			);
			name = containers;
			path = ../containers;
			sourceTree = "<group>";
		};
		F5C6D3941AF969BE006FB7E6 /* phys */ = {
			isa = PBXGroup;
			children = (
				F5C6D3951AF969BE006FB7E6 /* physics.cpp */,
				F5C6D3961AF969BE006FB7E6 /* physics.h */,
				F5C6D3971AF969BE006FB7E6 /* plane_params.cpp */,
				F5C6D3981AF969BE006FB7E6 /* plane_params.h */,
			);
			name = phys;
			path = ../phys;
			sourceTree = "<group>";
		};
		F5D7969C19B342ED006269F0 /* pugixml */ = {
			isa = PBXGroup;
			children = (
				F5D7969F19B3432C006269F0 /* pugixml.cpp */,
				F5D796A019B3432C006269F0 /* pugiconfig.hpp */,
				F5D796A119B3432C006269F0 /* pugixml.hpp */,
			);
			name = pugixml;
			sourceTree = "<group>";
		};
		F5D796A319B34350006269F0 /* deps */ = {
			isa = PBXGroup;
			children = (
				F5D7969C19B342ED006269F0 /* pugixml */,
				F503E51919048D4A00C3590A /* nya_engine.xcodeproj */,
			);
			name = deps;
			sourceTree = "<group>";
		};
		F5DAA8CB1AD7CE5000C2C633 /* resources */ = {
			isa = PBXGroup;
			children = (
				F5C6D39B1AF96A08006FB7E6 /* DATA.PAC.xml */,
				F5C6D39C1AF96A08006FB7E6 /* postprocess.txt */,
				F578323F1AFC20B1005FE829 /* weapons.xml */,
				F5C6D39D1AF96A08006FB7E6 /* shaders */,
			);
			name = resources;
			sourceTree = "<group>";
		};
/* End PBXGroup section */

/* Begin PBXNativeTarget section */
		F503E4D619048C6700C3590A /* open-horizon-demo */ = {
			isa = PBXNativeTarget;
			buildConfigurationList = F503E50819048C6700C3590A /* Build configuration list for PBXNativeTarget "open-horizon-demo" */;
			buildPhases = (
				F503E4D319048C6700C3590A /* Sources */,
				F503E4D419048C6700C3590A /* Frameworks */,
				F5DAA8C81AD7CE3300C2C633 /* CopyFiles */,
			);
			buildRules = (
			);
			dependencies = (
			);
			name = "open-horizon-demo";
			productName = "open-horizon-demo";
			productReference = F503E4D719048C6700C3590A /* open-horizon-demo.app */;
			productType = "com.apple.product-type.application";
		};
/* End PBXNativeTarget section */

/* Begin PBXProject section */
		F503E4CF19048C6700C3590A /* Project object */ = {
			isa = PBXProject;
			attributes = {
				LastUpgradeCheck = 0510;
			};
			buildConfigurationList = F503E4D219048C6700C3590A /* Build configuration list for PBXProject "open-horizon-demo" */;
			compatibilityVersion = "Xcode 3.2";
			developmentRegion = English;
			hasScannedForEncodings = 0;
			knownRegions = (
				en,
				Base,
			);
			mainGroup = F503E4CE19048C6700C3590A;
			productRefGroup = F503E4D819048C6700C3590A /* Products */;
			projectDirPath = "";
			projectReferences = (
				{
					ProductGroup = F503E51A19048D4A00C3590A /* Products */;
					ProjectRef = F503E51919048D4A00C3590A /* nya_engine.xcodeproj */;
				},
			);
			projectRoot = "";
			targets = (
				F503E4D619048C6700C3590A /* open-horizon-demo */,
			);
		};
/* End PBXProject section */

/* Begin PBXReferenceProxy section */
		F503E51F19048D4A00C3590A /* libnya_engine.a */ = {
			isa = PBXReferenceProxy;
			fileType = archive.ar;
			path = libnya_engine.a;
			remoteRef = F503E51E19048D4A00C3590A /* PBXContainerItemProxy */;
			sourceTree = BUILT_PRODUCTS_DIR;
		};
		F503E52119048D4A00C3590A /* libnya_engine_ios.a */ = {
			isa = PBXReferenceProxy;
			fileType = archive.ar;
			path = libnya_engine_ios.a;
			remoteRef = F503E52019048D4A00C3590A /* PBXContainerItemProxy */;
			sourceTree = BUILT_PRODUCTS_DIR;
		};
/* End PBXReferenceProxy section */

/* Begin PBXSourcesBuildPhase section */
		F503E4D319048C6700C3590A /* Sources */ = {
			isa = PBXSourcesBuildPhase;
			buildActionMask = 2147483647;
			files = (
				F59AB5BA1AFAA0C000137527 /* aircraft.cpp in Sources */,
				F5A2A2E51B05466C009765C1 /* deathmatch.cpp in Sources */,
				F5A2A2D71AFE3258009765C1 /* missile_trail.cpp in Sources */,
				F5A2A2E61B05466C009765C1 /* free_flight.cpp in Sources */,
				F59AB5A81AFA4F1800137527 /* fhm_location.cpp in Sources */,
				F5A2A2DC1AFE86E4009765C1 /* hud.cpp in Sources */,
				F5C6D3921AF969A5006FB7E6 /* fhm.cpp in Sources */,
				F5C6D3911AF969A5006FB7E6 /* dpl.cpp in Sources */,
				F578323E1AFBE859005FE829 /* ui.cpp in Sources */,
				F59AB5A91AFA4F1800137527 /* fhm_mesh.cpp in Sources */,
				F59AB5AE1AFA4F1800137527 /* location.cpp in Sources */,
				F5C6D3931AF969A5006FB7E6 /* qdf.cpp in Sources */,
				F59AB5AC1AFA4F1800137527 /* clouds.cpp in Sources */,
				F59AB5AB1AFA4F1800137527 /* model.cpp in Sources */,
				F53304C81B09DEC300D8C3C7 /* menu.cpp in Sources */,
				F59AB5B71AFA7D1600137527 /* plane_camera.cpp in Sources */,
				F5C6D39A1AF969BE006FB7E6 /* plane_params.cpp in Sources */,
				F5C6D3991AF969BE006FB7E6 /* physics.cpp in Sources */,
				F59AB5B41AFA799B00137527 /* lens_flare.cpp in Sources */,
				F59AB5AD1AFA4F1800137527 /* shared.cpp in Sources */,
				F5A2A2E41B05466C009765C1 /* ai.cpp in Sources */,
				F5C6D3861AF9694D006FB7E6 /* demo.cpp in Sources */,
				F59AB5AA1AFA4F1800137527 /* location_params.cpp in Sources */,
				F5A2A2E71B05466C009765C1 /* team_deathmatch.cpp in Sources */,
				F5D796A219B3432C006269F0 /* pugixml.cpp in Sources */,
				F59AB5921AFA389500137527 /* game.cpp in Sources */,
				F59AB5B11AFA4FEC00137527 /* world.cpp in Sources */,
				F59AB5A71AFA4F1800137527 /* scene.cpp in Sources */,
			);
			runOnlyForDeploymentPostprocessing = 0;
		};
/* End PBXSourcesBuildPhase section */

/* Begin XCBuildConfiguration section */
		F503E50619048C6700C3590A /* Debug */ = {
			isa = XCBuildConfiguration;
			buildSettings = {
				ALWAYS_SEARCH_USER_PATHS = NO;
				CLANG_CXX_LANGUAGE_STANDARD = "c++0x";
				CLANG_CXX_LIBRARY = "libc++";
				CLANG_ENABLE_MODULES = YES;
				CLANG_ENABLE_OBJC_ARC = YES;
				CLANG_WARN_BOOL_CONVERSION = YES;
				CLANG_WARN_CONSTANT_CONVERSION = YES;
				CLANG_WARN_DIRECT_OBJC_ISA_USAGE = YES_ERROR;
				CLANG_WARN_EMPTY_BODY = YES;
				CLANG_WARN_ENUM_CONVERSION = YES;
				CLANG_WARN_INT_CONVERSION = YES;
				CLANG_WARN_OBJC_ROOT_CLASS = YES_ERROR;
				CLANG_WARN__DUPLICATE_METHOD_MATCH = YES;
				CONFIGURATION_BUILD_DIR = ../bin/mac_debug;
				CONFIGURATION_TEMP_DIR = ../obj/mac_debug;
				COPY_PHASE_STRIP = NO;
				GCC_DYNAMIC_NO_PIC = NO;
				GCC_ENABLE_OBJC_EXCEPTIONS = YES;
				GCC_OPTIMIZATION_LEVEL = 0;
				GCC_PREPROCESSOR_DEFINITIONS = (
					"DEBUG=1",
					"$(inherited)",
				);
				GCC_WARN_64_TO_32_BIT_CONVERSION = YES;
				GCC_WARN_ABOUT_RETURN_TYPE = YES_ERROR;
				GCC_WARN_UNDECLARED_SELECTOR = YES;
				GCC_WARN_UNINITIALIZED_AUTOS = YES_AGGRESSIVE;
				GCC_WARN_UNUSED_FUNCTION = YES;
				GCC_WARN_UNUSED_VARIABLE = YES;
				MACOSX_DEPLOYMENT_TARGET = 10.7;
				OBJROOT = ../obj/;
				ONLY_ACTIVE_ARCH = YES;
				SDKROOT = macosx;
				SYMROOT = ../bin/;
				USER_HEADER_SEARCH_PATHS = "../deps/glfw-bin/include/ ../deps/nya-engine/ ../deps/pugixml-1.4/src/ ../";
			};
			name = Debug;
		};
		F503E50719048C6700C3590A /* Release */ = {
			isa = XCBuildConfiguration;
			buildSettings = {
				ALWAYS_SEARCH_USER_PATHS = NO;
				CLANG_CXX_LANGUAGE_STANDARD = "c++0x";
				CLANG_CXX_LIBRARY = "libc++";
				CLANG_ENABLE_MODULES = YES;
				CLANG_ENABLE_OBJC_ARC = YES;
				CLANG_WARN_BOOL_CONVERSION = YES;
				CLANG_WARN_CONSTANT_CONVERSION = YES;
				CLANG_WARN_DIRECT_OBJC_ISA_USAGE = YES_ERROR;
				CLANG_WARN_EMPTY_BODY = YES;
				CLANG_WARN_ENUM_CONVERSION = YES;
				CLANG_WARN_INT_CONVERSION = YES;
				CLANG_WARN_OBJC_ROOT_CLASS = YES_ERROR;
				CLANG_WARN__DUPLICATE_METHOD_MATCH = YES;
				CONFIGURATION_BUILD_DIR = ../bin/mac_release;
				CONFIGURATION_TEMP_DIR = ../obj/mac_release;
				COPY_PHASE_STRIP = YES;
				DEBUG_INFORMATION_FORMAT = dwarf;
				ENABLE_NS_ASSERTIONS = NO;
				GCC_ENABLE_OBJC_EXCEPTIONS = YES;
				GCC_WARN_64_TO_32_BIT_CONVERSION = YES;
				GCC_WARN_ABOUT_RETURN_TYPE = YES_ERROR;
				GCC_WARN_UNDECLARED_SELECTOR = YES;
				GCC_WARN_UNINITIALIZED_AUTOS = YES_AGGRESSIVE;
				GCC_WARN_UNUSED_FUNCTION = YES;
				GCC_WARN_UNUSED_VARIABLE = YES;
				MACOSX_DEPLOYMENT_TARGET = 10.7;
				OBJROOT = ../obj/;
				SDKROOT = macosx;
				SYMROOT = ../bin/;
				USER_HEADER_SEARCH_PATHS = "../deps/glfw-bin/include/ ../deps/nya-engine/ ../deps/pugixml-1.4/src/ ../";
			};
			name = Release;
		};
		F503E50919048C6700C3590A /* Debug */ = {
			isa = XCBuildConfiguration;
			buildSettings = {
				ASSETCATALOG_COMPILER_APPICON_NAME = AppIcon;
				COMBINE_HIDPI_IMAGES = YES;
				GCC_SYMBOLS_PRIVATE_EXTERN = NO;
				INFOPLIST_FILE = "open-horizon-demo-Info.plist";
				LIBRARY_SEARCH_PATHS = (
					"$(inherited)",
					"../deps/glfw-bin/lib",
				);
				PRODUCT_NAME = "$(TARGET_NAME)";
				WRAPPER_EXTENSION = app;
			};
			name = Debug;
		};
		F503E50A19048C6700C3590A /* Release */ = {
			isa = XCBuildConfiguration;
			buildSettings = {
				ASSETCATALOG_COMPILER_APPICON_NAME = AppIcon;
				COMBINE_HIDPI_IMAGES = YES;
				GCC_SYMBOLS_PRIVATE_EXTERN = NO;
				INFOPLIST_FILE = "open-horizon-demo-Info.plist";
				LIBRARY_SEARCH_PATHS = (
					"$(inherited)",
					"../deps/glfw-bin/lib",
				);
				PRODUCT_NAME = "$(TARGET_NAME)";
				WRAPPER_EXTENSION = app;
			};
			name = Release;
		};
/* End XCBuildConfiguration section */

/* Begin XCConfigurationList section */
		F503E4D219048C6700C3590A /* Build configuration list for PBXProject "open-horizon-demo" */ = {
			isa = XCConfigurationList;
			buildConfigurations = (
				F503E50619048C6700C3590A /* Debug */,
				F503E50719048C6700C3590A /* Release */,
			);
			defaultConfigurationIsVisible = 0;
			defaultConfigurationName = Release;
		};
		F503E50819048C6700C3590A /* Build configuration list for PBXNativeTarget "open-horizon-demo" */ = {
			isa = XCConfigurationList;
			buildConfigurations = (
				F503E50919048C6700C3590A /* Debug */,
				F503E50A19048C6700C3590A /* Release */,
			);
			defaultConfigurationIsVisible = 0;
			defaultConfigurationName = Release;
		};
/* End XCConfigurationList section */
	};
	rootObject = F503E4CF19048C6700C3590A /* Project object */;
}
