<?xml version="1.0" encoding="utf-8"?>
<Project ToolsVersion="4.0" xmlns="http://schemas.microsoft.com/developer/msbuild/2003">
  <ItemGroup>
    <Filter Include="Source Files">
      <UniqueIdentifier>{4FC737F1-C7A5-4376-A066-2A32D752A2FF}</UniqueIdentifier>
      <Extensions>cpp;c;cc;cxx;def;odl;idl;hpj;bat;asm;asmx</Extensions>
    </Filter>
    <Filter Include="Header Files">
      <UniqueIdentifier>{93995380-89BD-4b04-88EB-625FBE52EBFB}</UniqueIdentifier>
      <Extensions>h;hpp;hxx;hm;inl;inc;xsd</Extensions>
    </Filter>
    <Filter Include="Resource Files">
      <UniqueIdentifier>{67DA6AB6-F800-4c08-8B7A-83BB121AAD01}</UniqueIdentifier>
      <Extensions>rc;ico;cur;bmp;dlg;rc2;rct;bin;rgs;gif;jpg;jpeg;jpe;resx;tiff;tif;png;wav;mfcribbon-ms</Extensions>
    </Filter>
  </ItemGroup>
  <ItemGroup>
    <ClCompile Include="..\deps\pugixml-1.4\src\pugixml.cpp">
      <Filter>Source Files</Filter>
    </ClCompile>
    <ClCompile Include="../containers/dpl.cpp">
      <Filter>Source Files</Filter>
    </ClCompile>
    <ClCompile Include="../containers/fhm.cpp">
      <Filter>Source Files</Filter>
    </ClCompile>
    <ClCompile Include="../containers/qdf.cpp">
      <Filter>Source Files</Filter>
    </ClCompile>
    <ClCompile Include="demo.cpp">
      <Filter>Source Files</Filter>
    </ClCompile>
    <ClCompile Include="../game/game.cpp">
      <Filter>Source Files</Filter>
    </ClCompile>
    <ClCompile Include="../game/hangar.cpp">
        <Filter>Source Files</Filter>
    </ClCompile>
    <ClCompile Include="../gui/ui.cpp">
      <Filter>Source Files</Filter>
    </ClCompile>
    <ClCompile Include="../phys/physics.cpp">
      <Filter>Source Files</Filter>
    </ClCompile>
    <ClCompile Include="../phys/plane_params.cpp">
      <Filter>Source Files</Filter>
    </ClCompile>
    <ClCompile Include="../renderer/aircraft.cpp">
      <Filter>Source Files</Filter>
    </ClCompile>
    <ClCompile Include="../renderer/clouds.cpp">
      <Filter>Source Files</Filter>
    </ClCompile>
    <ClCompile Include="../renderer/fhm_location.cpp">
      <Filter>Source Files</Filter>
    </ClCompile>
    <ClCompile Include="../renderer/fhm_mesh.cpp">
      <Filter>Source Files</Filter>
    </ClCompile>
    <ClCompile Include="../renderer/lens_flare.cpp">
      <Filter>Source Files</Filter>
    </ClCompile>
    <ClCompile Include="../renderer/location.cpp">
      <Filter>Source Files</Filter>
    </ClCompile>
    <ClCompile Include="../renderer/location_params.cpp">
      <Filter>Source Files</Filter>
    </ClCompile>
    <ClCompile Include="../renderer/model.cpp">
      <Filter>Source Files</Filter>
    </ClCompile>
    <ClCompile Include="../renderer/plane_camera.cpp">
      <Filter>Source Files</Filter>
    </ClCompile>
    <ClCompile Include="../renderer/particles.cpp">
        <Filter>Source Files</Filter>
    </ClCompile>
    <ClCompile Include="../renderer/scene.cpp">
      <Filter>Source Files</Filter>
    </ClCompile>
    <ClCompile Include="../renderer/shared.cpp">
      <Filter>Source Files</Filter>
    </ClCompile>
    <ClCompile Include="../renderer/sky.cpp">
      <Filter>Source Files</Filter>
    </ClCompile>
    <ClCompile Include="../renderer/world.cpp">
      <Filter>Source Files</Filter>
    </ClCompile>
    <ClCompile Include="..\game\ai.cpp">
      <Filter>Source Files</Filter>
    </ClCompile>
    <ClCompile Include="..\game\deathmatch.cpp">
      <Filter>Source Files</Filter>
    </ClCompile>
    <ClCompile Include="..\game\free_flight.cpp">
      <Filter>Source Files</Filter>
    </ClCompile>
    <ClCompile Include="..\game\team_deathmatch.cpp">
      <Filter>Source Files</Filter>
    </ClCompile>
    <ClCompile Include="..\gui\hud.cpp">
      <Filter>Source Files</Filter>
    </ClCompile>
    <ClCompile Include="..\gui\menu.cpp">
      <Filter>Source Files</Filter>
    </ClCompile>
    <ClCompile Include="..\renderer\missile_trail.cpp">
      <Filter>Source Files</Filter>
    </ClCompile>
  </ItemGroup>
  <ItemGroup>
    <ClInclude Include="..\deps\pugixml-1.4\src\pugiconfig.hpp">
      <Filter>Header Files</Filter>
    </ClInclude>
    <ClInclude Include="..\deps\pugixml-1.4\src\pugixml.hpp">
      <Filter>Header Files</Filter>
    </ClInclude>
    <ClInclude Include="../containers/dpl.h">
      <Filter>Header Files</Filter>
    </ClInclude>
    <ClInclude Include="../containers/dpl_keys.h">
      <Filter>Header Files</Filter>
    </ClInclude>
    <ClInclude Include="../containers/fhm.h">
      <Filter>Header Files</Filter>
    </ClInclude>
    <ClInclude Include="../containers/qdf.h">
      <Filter>Header Files</Filter>
    </ClInclude>
    <ClInclude Include="../game/game.h">
      <Filter>Header Files</Filter>
    </ClInclude>
    <ClInclude Include="../game/hangar.h">
        <Filter>Header Files</Filter>
    </ClInclude>
    <ClInclude Include="../gui/ui.h">
      <Filter>Header Files</Filter>
    </ClInclude>
    <ClInclude Include="../phys/physics.h">
      <Filter>Header Files</Filter>
    </ClInclude>
    <ClInclude Include="../phys/plane_params.h">
      <Filter>Header Files</Filter>
    </ClInclude>
    <ClInclude Include="../renderer/aircraft.h">
      <Filter>Header Files</Filter>
    </ClInclude>
    <ClInclude Include="../renderer/clouds.h">
      <Filter>Header Files</Filter>
    </ClInclude>
    <ClInclude Include="../renderer/fhm_location.h">
      <Filter>Header Files</Filter>
    </ClInclude>
    <ClInclude Include="../renderer/fhm_mesh.h">
      <Filter>Header Files</Filter>
    </ClInclude>
    <ClInclude Include="../renderer/lens_flare.h">
      <Filter>Header Files</Filter>
    </ClInclude>
    <ClInclude Include="../renderer/location.h">
      <Filter>Header Files</Filter>
    </ClInclude>
    <ClInclude Include="../renderer/location_params.h">
      <Filter>Header Files</Filter>
    </ClInclude>
    <ClInclude Include="../renderer/model.h">
      <Filter>Header Files</Filter>
    </ClInclude>
    <ClInclude Include="../renderer/plane_camera.h">
      <Filter>Header Files</Filter>
    </ClInclude>
    <ClInclude Include="../renderer/particles.h">
        <Filter>Header Files</Filter>
    </ClInclude>
    <ClInclude Include="../renderer/scene.h">
      <Filter>Header Files</Filter>
    </ClInclude>
    <ClInclude Include="../renderer/shared.h">
      <Filter>Header Files</Filter>
    </ClInclude>
    <ClInclude Include="../renderer/sky.h">
      <Filter>Header Files</Filter>
    </ClInclude>
    <ClInclude Include="../renderer/world.h">
      <Filter>Header Files</Filter>
    </ClInclude>
    <ClInclude Include="../util/params.h">
      <Filter>Header Files</Filter>
    </ClInclude>
    <ClInclude Include="../util/util.h">
      <Filter>Header Files</Filter>
    </ClInclude>
    <ClInclude Include="../util/xml.h">
      <Filter>Header Files</Filter>
    </ClInclude>
    <ClInclude Include="..\game\ai.h">
      <Filter>Header Files</Filter>
    </ClInclude>
    <ClInclude Include="..\game\deathmatch.h">
      <Filter>Header Files</Filter>
    </ClInclude>
    <ClInclude Include="..\game\free_flight.h">
      <Filter>Header Files</Filter>
    </ClInclude>
    <ClInclude Include="..\game\team_deathmatch.h">
      <Filter>Header Files</Filter>
    </ClInclude>
    <ClInclude Include="..\gui\hud.h">
      <Filter>Header Files</Filter>
    </ClInclude>
    <ClInclude Include="..\gui\menu.h">
      <Filter>Header Files</Filter>
    </ClInclude>
    <ClInclude Include="..\renderer\missile_trail.h">
      <Filter>Header Files</Filter>
    </ClInclude>
  </ItemGroup>
</Project>