<?xml version="1.0" encoding="utf-8"?>
<Project ToolsVersion="4.0" xmlns="http://schemas.microsoft.com/developer/msbuild/2003">
  <ItemGroup>
    <Filter Include="Source Files">
      <UniqueIdentifier>{4FC737F1-C7A5-4376-A066-2A32D752A2FF}</UniqueIdentifier>
      <Extensions>cpp;c;cc;cxx;def;odl;idl;hpj;bat;asm;asmx</Extensions>
    </Filter>
    <Filter Include="Resource Files">
      <UniqueIdentifier>{67DA6AB6-F800-4c08-8B7A-83BB121AAD01}</UniqueIdentifier>
      <Extensions>rc;ico;cur;bmp;dlg;rc2;rct;bin;rgs;gif;jpg;jpeg;jpe;resx;tiff;tif;png;wav;mfcribbon-ms</Extensions>
    </Filter>
    <Filter Include="Source Files\containers">
      <UniqueIdentifier>{8a590e69-83e3-4997-86de-1c8c8522a072}</UniqueIdentifier>
    </Filter>
    <Filter Include="Source Files\game">
      <UniqueIdentifier>{48d24f57-27c4-4e21-ba93-8549f5617dd1}</UniqueIdentifier>
    </Filter>
    <Filter Include="Source Files\gui">
      <UniqueIdentifier>{72b8929f-4ac9-4c5d-bb46-7f9f1dbd0dfe}</UniqueIdentifier>
    </Filter>
    <Filter Include="Source Files\phys">
      <UniqueIdentifier>{4b7870cd-6f9c-4b24-9220-ae6571d089d3}</UniqueIdentifier>
    </Filter>
    <Filter Include="Source Files\renderer">
      <UniqueIdentifier>{cd9bffbf-5ff3-4360-9ba1-6b7497e2ede7}</UniqueIdentifier>
    </Filter>
    <Filter Include="Source Files\util">
      <UniqueIdentifier>{52b22627-1c28-444b-b5cd-1adb605dd3af}</UniqueIdentifier>
    </Filter>
    <Filter Include="Source Files\deps">
      <UniqueIdentifier>{a1b4d47c-9b23-48f3-807f-555452a98e9e}</UniqueIdentifier>
    </Filter>
    <Filter Include="Source Files\deps\miso">
      <UniqueIdentifier>{cb9e545c-b023-4069-81ef-453aecdc2ef2}</UniqueIdentifier>
    </Filter>
    <Filter Include="Source Files\deps\pugi">
      <UniqueIdentifier>{b3ad0bbc-ecc7-4a2d-8c63-ad92f5c7416b}</UniqueIdentifier>
    </Filter>
    <Filter Include="Source Files\sound">
      <UniqueIdentifier>{1ae31485-4d5b-4a0e-a557-a430faec904e}</UniqueIdentifier>
    </Filter>
  </ItemGroup>
  <ItemGroup>
    <ClCompile Include="demo.cpp">
      <Filter>Source Files</Filter>
    </ClCompile>
    <ClCompile Include="..\game\ai.cpp">
      <Filter>Source Files\game</Filter>
    </ClCompile>
    <ClCompile Include="..\game\deathmatch.cpp">
      <Filter>Source Files\game</Filter>
    </ClCompile>
    <ClCompile Include="../renderer/aircraft.cpp">
      <Filter>Source Files\renderer</Filter>
    </ClCompile>
    <ClCompile Include="../renderer/clouds.cpp">
      <Filter>Source Files\renderer</Filter>
    </ClCompile>
    <ClCompile Include="../containers/dpl.cpp">
      <Filter>Source Files\containers</Filter>
    </ClCompile>
    <ClCompile Include="../containers/fhm.cpp">
      <Filter>Source Files\containers</Filter>
    </ClCompile>
    <ClCompile Include="../renderer/fhm_location.cpp">
      <Filter>Source Files\renderer</Filter>
    </ClCompile>
    <ClCompile Include="../renderer/fhm_mesh.cpp">
      <Filter>Source Files\renderer</Filter>
    </ClCompile>
    <ClCompile Include="..\containers\cdp.cpp">
      <Filter>Source Files\containers</Filter>
    </ClCompile>
    <ClCompile Include="..\containers\pac5.cpp">
      <Filter>Source Files\containers</Filter>
    </ClCompile>
    <ClCompile Include="..\containers\pac6.cpp">
      <Filter>Source Files\containers</Filter>
    </ClCompile>
    <ClCompile Include="..\containers\poc.cpp">
      <Filter>Source Files\containers</Filter>
    </ClCompile>
    <ClCompile Include="../containers/qdf.cpp">
      <Filter>Source Files\containers</Filter>
    </ClCompile>
    <ClCompile Include="..\game\free_flight.cpp">
      <Filter>Source Files\game</Filter>
    </ClCompile>
    <ClCompile Include="../game/game.cpp">
      <Filter>Source Files\game</Filter>
    </ClCompile>
    <ClCompile Include="../game/hangar.cpp">
      <Filter>Source Files\game</Filter>
    </ClCompile>
    <ClCompile Include="..\gui\hud.cpp">
      <Filter>Source Files\gui</Filter>
    </ClCompile>
    <ClCompile Include="..\gui\menu.cpp">
      <Filter>Source Files\gui</Filter>
    </ClCompile>
    <ClCompile Include="../phys/plane_params.cpp">
      <Filter>Source Files\phys</Filter>
    </ClCompile>
    <ClCompile Include="../phys/physics.cpp">
      <Filter>Source Files\phys</Filter>
    </ClCompile>
    <ClCompile Include="../phys/mesh.cpp">
      <Filter>Source Files\phys</Filter>
    </ClCompile>
    <ClCompile Include="../gui/ui.cpp">
      <Filter>Source Files\gui</Filter>
    </ClCompile>
    <ClCompile Include="../renderer/world.cpp">
      <Filter>Source Files\renderer</Filter>
    </ClCompile>
    <ClCompile Include="../renderer/lens_flare.cpp">
      <Filter>Source Files\renderer</Filter>
    </ClCompile>
    <ClCompile Include="../renderer/location.cpp">
      <Filter>Source Files\renderer</Filter>
    </ClCompile>
    <ClCompile Include="../renderer/location_params.cpp">
      <Filter>Source Files\renderer</Filter>
    </ClCompile>
    <ClCompile Include="..\renderer\missile_trail.cpp">
      <Filter>Source Files\renderer</Filter>
    </ClCompile>
    <ClCompile Include="../renderer/model.cpp">
      <Filter>Source Files\renderer</Filter>
    </ClCompile>
    <ClCompile Include="../renderer/mesh_ndxr.cpp">
        <Filter>Source Files\renderer</Filter>
    </ClCompile>
    <ClCompile Include="..\game\network.cpp">
      <Filter>Source Files\game</Filter>
    </ClCompile>
    <ClCompile Include="../renderer/particles.cpp">
      <Filter>Source Files\renderer</Filter>
    </ClCompile>
    <ClCompile Include="../renderer/plane_camera.cpp">
      <Filter>Source Files\renderer</Filter>
    </ClCompile>
    <ClCompile Include="../renderer/scene.cpp">
      <Filter>Source Files\renderer</Filter>
    </ClCompile>
    <ClCompile Include="../renderer/shared.cpp">
      <Filter>Source Files\renderer</Filter>
    </ClCompile>
    <ClCompile Include="../renderer/sky.cpp">
      <Filter>Source Files\renderer</Filter>
    </ClCompile>
    <ClCompile Include="..\game\team_deathmatch.cpp">
      <Filter>Source Files\game</Filter>
    </ClCompile>
    <ClCompile Include="..\util\controls.cpp">
      <Filter>Source Files\util</Filter>
    </ClCompile>
    <ClCompile Include="..\util\location.cpp">
        <Filter>Source Files\util</Filter>
    </ClCompile>
    <ClCompile Include="..\util\platform.cpp">
      <Filter>Source Files\util</Filter>
    </ClCompile>
    <ClCompile Include="..\util\platform_dialogs.cpp">
      <Filter>Source Files\util</Filter>
    </ClCompile>
    <ClCompile Include="..\deps\pugixml-1.4\src\pugixml.cpp">
      <Filter>Source Files\deps\pugi</Filter>
    </ClCompile>
    <ClCompile Include="..\deps\miso\src\app_protocol_simple.cpp">
      <Filter>Source Files\deps\miso</Filter>
    </ClCompile>
    <ClCompile Include="..\deps\miso\src\client_tcp.cpp">
      <Filter>Source Files\deps\miso</Filter>
    </ClCompile>
    <ClCompile Include="..\deps\miso\src\generic_socket.cpp">
      <Filter>Source Files\deps\miso</Filter>
    </ClCompile>
    <ClCompile Include="..\deps\miso\src\ipv4.cpp">
      <Filter>Source Files\deps\miso</Filter>
    </ClCompile>
    <ClCompile Include="..\deps\miso\src\ipv6.cpp">
      <Filter>Source Files\deps\miso</Filter>
    </ClCompile>
    <ClCompile Include="..\deps\miso\src\platform.cpp">
      <Filter>Source Files\deps\miso</Filter>
    </ClCompile>
    <ClCompile Include="..\deps\miso\src\server_tcp.cpp">
      <Filter>Source Files\deps\miso</Filter>
    </ClCompile>
    <ClCompile Include="..\deps\miso\src\server_udp.cpp">
      <Filter>Source Files\deps\miso</Filter>
    </ClCompile>
    <ClCompile Include="..\containers\cpk.cpp">
      <Filter>Source Files\containers</Filter>
    </ClCompile>
    <ClCompile Include="..\game\network_client.cpp">
      <Filter>Source Files\game</Filter>
    </ClCompile>
    <ClCompile Include="..\game\network_server.cpp">
      <Filter>Source Files\game</Filter>
    </ClCompile>
    <ClCompile Include="..\sound\file.cpp">
      <Filter>Source Files\sound</Filter>
    </ClCompile>
    <ClCompile Include="..\sound\sound.cpp">
      <Filter>Source Files\sound</Filter>
    </ClCompile>
    <ClCompile Include="..\deps\nya-engine\extensions\zip_resources_provider.cpp">
      <Filter>Source Files\deps</Filter>
    </ClCompile>
    <ClCompile Include="..\game\script.cpp">
      <Filter>Source Files\game</Filter>
    </ClCompile>
    <ClCompile Include="..\game\mission.cpp">
      <Filter>Source Files\game</Filter>
    </ClCompile>
  </ItemGroup>
  <ItemGroup>
    <ClInclude Include="..\game\ai.h">
      <Filter>Source Files\game</Filter>
    </ClInclude>
    <ClInclude Include="../containers/dpl.h">
      <Filter>Source Files\containers</Filter>
    </ClInclude>
    <ClInclude Include="../containers/fhm.h">
      <Filter>Source Files\containers</Filter>
    </ClInclude>
    <ClInclude Include="..\game\deathmatch.h">
      <Filter>Source Files\game</Filter>
    </ClInclude>
    <ClInclude Include="../renderer/aircraft.h">
      <Filter>Source Files\renderer</Filter>
    </ClInclude>
    <ClInclude Include="../renderer/clouds.h">
      <Filter>Source Files\renderer</Filter>
    </ClInclude>
    <ClInclude Include="../renderer/fhm_location.h">
      <Filter>Source Files\renderer</Filter>
    </ClInclude>
    <ClInclude Include="../renderer/fhm_mesh.h">
      <Filter>Source Files\renderer</Filter>
    </ClInclude>
    <ClInclude Include="../renderer/location.h">
      <Filter>Source Files\renderer</Filter>
    </ClInclude>
    <ClInclude Include="../renderer/location_params.h">
      <Filter>Source Files\renderer</Filter>
    </ClInclude>
    <ClInclude Include="../renderer/particles.h">
      <Filter>Source Files\renderer</Filter>
    </ClInclude>
    <ClInclude Include="..\renderer\missile_trail.h">
      <Filter>Source Files\renderer</Filter>
    </ClInclude>
    <ClInclude Include="../renderer/model.h">
      <Filter>Source Files\renderer</Filter>
    </ClInclude>
    <ClInclude Include="../renderer/mesh_ndxr.h">
        <Filter>Source Files\renderer</Filter>
    </ClInclude>
    <ClInclude Include="../renderer/scene.h">
      <Filter>Source Files\renderer</Filter>
    </ClInclude>
    <ClInclude Include="../renderer/sky.h">
      <Filter>Source Files\renderer</Filter>
    </ClInclude>
    <ClInclude Include="../renderer/world.h">
      <Filter>Source Files\renderer</Filter>
    </ClInclude>
    <ClInclude Include="../util/xml.h">
      <Filter>Source Files\util</Filter>
    </ClInclude>
    <ClInclude Include="../util/util.h">
      <Filter>Source Files\util</Filter>
    </ClInclude>
    <ClInclude Include="../gui/ui.h">
      <Filter>Source Files\gui</Filter>
    </ClInclude>
    <ClInclude Include="..\gui\hud.h">
      <Filter>Source Files\gui</Filter>
    </ClInclude>
    <ClInclude Include="..\gui\menu.h">
      <Filter>Source Files\gui</Filter>
    </ClInclude>
    <ClInclude Include="../renderer/shared.h">
      <Filter>Source Files\renderer</Filter>
    </ClInclude>
    <ClInclude Include="..\game\team_deathmatch.h">
      <Filter>Source Files\game</Filter>
    </ClInclude>
    <ClInclude Include="../containers/qdf.h">
      <Filter>Source Files\containers</Filter>
    </ClInclude>
    <ClInclude Include="../renderer/plane_camera.h">
      <Filter>Source Files\renderer</Filter>
    </ClInclude>
    <ClInclude Include="../phys/plane_params.h">
      <Filter>Source Files\phys</Filter>
    </ClInclude>
    <ClInclude Include="../phys/mesh.h">
      <Filter>Source Files\phys</Filter>
    </ClInclude>
    <ClInclude Include="../phys/physics.h">
      <Filter>Source Files\phys</Filter>
    </ClInclude>
    <ClInclude Include="../util/params.h">
      <Filter>Source Files\util</Filter>
    </ClInclude>
    <ClInclude Include="../renderer/lens_flare.h">
      <Filter>Source Files\renderer</Filter>
    </ClInclude>
    <ClInclude Include="../game/game.h">
      <Filter>Source Files\game</Filter>
    </ClInclude>
    <ClInclude Include="..\game\free_flight.h">
      <Filter>Source Files\game</Filter>
    </ClInclude>
    <ClInclude Include="../game/hangar.h">
      <Filter>Source Files\game</Filter>
    </ClInclude>
    <ClInclude Include="..\game\network_data.h">
      <Filter>Source Files\game</Filter>
    </ClInclude>
    <ClInclude Include="..\containers\cdp.h">
      <Filter>Source Files\containers</Filter>
    </ClInclude>
    <ClInclude Include="..\containers\decrypt.h">
      <Filter>Source Files\containers</Filter>
    </ClInclude>
    <ClInclude Include="..\containers\dpl_provider.h">
      <Filter>Source Files\containers</Filter>
    </ClInclude>
    <ClInclude Include="..\containers\pac5.h">
      <Filter>Source Files\containers</Filter>
    </ClInclude>
    <ClInclude Include="..\containers\pac6.h">
      <Filter>Source Files\containers</Filter>
    </ClInclude>
    <ClInclude Include="..\containers\poc.h">
      <Filter>Source Files\containers</Filter>
    </ClInclude>
    <ClInclude Include="..\containers\qdf_provider.h">
      <Filter>Source Files\containers</Filter>
    </ClInclude>
    <ClInclude Include="..\game\network.h">
      <Filter>Source Files\game</Filter>
    </ClInclude>
    <ClInclude Include="..\util\controls.h">
      <Filter>Source Files\util</Filter>
    </ClInclude>
    <ClInclude Include="..\util\location.h">
        <Filter>Source Files\util</Filter>
    </ClInclude>
    <ClInclude Include="..\util\platform.h">
      <Filter>Source Files\util</Filter>
    </ClInclude>
    <ClInclude Include="..\util\simd.h">
      <Filter>Source Files\util</Filter>
    </ClInclude>
    <ClInclude Include="..\util\zip.h">
      <Filter>Source Files\util</Filter>
    </ClInclude>
    <ClInclude Include="..\deps\pugixml-1.4\src\pugiconfig.hpp">
      <Filter>Source Files\deps\pugi</Filter>
    </ClInclude>
    <ClInclude Include="..\deps\pugixml-1.4\src\pugixml.hpp">
      <Filter>Source Files\deps\pugi</Filter>
    </ClInclude>
    <ClInclude Include="..\deps\miso\src\node_tcp.h">
      <Filter>Source Files\deps\miso</Filter>
    </ClInclude>
    <ClInclude Include="..\containers\cpk.h">
      <Filter>Source Files\containers</Filter>
    </ClInclude>
    <ClInclude Include="..\game\network_client.h">
      <Filter>Source Files\game</Filter>
    </ClInclude>
    <ClInclude Include="..\game\network_helpers.h">
      <Filter>Source Files\game</Filter>
    </ClInclude>
    <ClInclude Include="..\game\network_server.h">
      <Filter>Source Files\game</Filter>
    </ClInclude>
    <ClInclude Include="..\sound\file.h">
      <Filter>Source Files\sound</Filter>
    </ClInclude>
    <ClInclude Include="..\sound\sound.h">
      <Filter>Source Files\sound</Filter>
    </ClInclude>
    <ClInclude Include="..\deps\nya-engine\extensions\zip_resources_provider.h">
      <Filter>Source Files\deps</Filter>
    </ClInclude>
    <ClInclude Include="..\game\script.h">
      <Filter>Source Files\game</Filter>
    </ClInclude>
    <ClInclude Include="..\game\objects.h">
      <Filter>Source Files\game</Filter>
    </ClInclude>
    <ClInclude Include="..\game\mission.h">
      <Filter>Source Files\game</Filter>
    </ClInclude>
  </ItemGroup>
</Project>