
Microsoft Visual Studio Solution File, Format Version 12.00
# Visual Studio 2013
VisualStudioVersion = 12.0.31101.0
MinimumVisualStudioVersion = 10.0.40219.1
Project("{8BC9CEB8-8B4A-11D0-8D11-00A0C91BC942}") = "open-horizon-demo", "open-horizon-demo.vcxproj", "{050B62E6-C4C3-4365-BC0C-0E853401226F}"
	ProjectSection(ProjectDependencies) = postProject
		{35C1C4FC-C0E4-4DA2-B857-D23D6F7832D0} = {35C1C4FC-C0E4-4DA2-B857-D23D6F7832D0}
	EndProjectSection
EndProject
Project("{8BC9CEB8-8B4A-11D0-8D11-00A0C91BC942}") = "nya_engine_desktop_opengl", "..\deps\nya-engine\build\vs2013\nya_engine_desktop_opengl.vcxproj", "{35C1C4FC-C0E4-4DA2-B857-D23D6F7832D0}"
EndProject
Global
	GlobalSection(SharedMSBuildProjectFiles) = preSolution
		..\deps\nya-engine\build\vs2013\nya_engine.vcxitems*{35c1c4fc-c0e4-4da2-b857-d23d6f7832d0}*SharedItemsImports = 4
	EndGlobalSection
	GlobalSection(SolutionConfigurationPlatforms) = preSolution
		Debug|Win32 = Debug|Win32
		Release|Win32 = Release|Win32
	EndGlobalSection
	GlobalSection(ProjectConfigurationPlatforms) = postSolution
		{050B62E6-C4C3-4365-BC0C-0E853401226F}.Debug|Win32.ActiveCfg = Debug|Win32
		{050B62E6-C4C3-4365-BC0C-0E853401226F}.Debug|Win32.Build.0 = Debug|Win32
		{050B62E6-C4C3-4365-BC0C-0E853401226F}.Release|Win32.ActiveCfg = Release|Win32
		{050B62E6-C4C3-4365-BC0C-0E853401226F}.Release|Win32.Build.0 = Release|Win32
		{35C1C4FC-C0E4-4DA2-B857-D23D6F7832D0}.Debug|Win32.ActiveCfg = Debug|Win32
		{35C1C4FC-C0E4-4DA2-B857-D23D6F7832D0}.Debug|Win32.Build.0 = Debug|Win32
		{35C1C4FC-C0E4-4DA2-B857-D23D6F7832D0}.Release|Win32.ActiveCfg = Release|Win32
		{35C1C4FC-C0E4-4DA2-B857-D23D6F7832D0}.Release|Win32.Build.0 = Release|Win32
	EndGlobalSection
	GlobalSection(SolutionProperties) = preSolution
		HideSolutionNode = FALSE
	EndGlobalSection
EndGlobal
