// !$*UTF8*$!
{
	archiveVersion = 1;
	classes = {
	};
	objectVersion = 46;
	objects = {

/* Begin PBXBuildFile section */
		F5B2EE781901FC18007794DF /* qdf_tool.cpp in Sources */ = {isa = PBXBuildFile; fileRef = F5B2EE771901FC18007794DF /* qdf_tool.cpp */; };
		F5B2EE7B1901FC3F007794DF /* qdf.cpp in Sources */ = {isa = PBXBuildFile; fileRef = F5B2EE7A1901FC3F007794DF /* qdf.cpp */; };
/* End PBXBuildFile section */

/* Begin PBXCopyFilesBuildPhase section */
		F5B2EE691901FBE5007794DF /* CopyFiles */ = {
			isa = PBXCopyFilesBuildPhase;
			buildActionMask = 2147483647;
			dstPath = /usr/share/man/man1/;
			dstSubfolderSpec = 0;
			files = (
			);
			runOnlyForDeploymentPostprocessing = 1;
		};
/* End PBXCopyFilesBuildPhase section */

/* Begin PBXFileReference section */
		F5B2EE6B1901FBE5007794DF /* qdf_tool */ = {isa = PBXFileReference; explicitFileType = "compiled.mach-o.executable"; includeInIndex = 0; path = qdf_tool; sourceTree = BUILT_PRODUCTS_DIR; };
		F5B2EE771901FC18007794DF /* qdf_tool.cpp */ = {isa = PBXFileReference; fileEncoding = 4; lastKnownFileType = sourcecode.cpp.cpp; path = qdf_tool.cpp; sourceTree = SOURCE_ROOT; };
		F5B2EE791901FC3F007794DF /* qdf.h */ = {isa = PBXFileReference; fileEncoding = 4; lastKnownFileType = sourcecode.c.h; name = qdf.h; path = ../qdf.h; sourceTree = "<group>"; };
		F5B2EE7A1901FC3F007794DF /* qdf.cpp */ = {isa = PBXFileReference; fileEncoding = 4; lastKnownFileType = sourcecode.cpp.cpp; name = qdf.cpp; path = ../qdf.cpp; sourceTree = "<group>"; };
/* End PBXFileReference section */

/* Begin PBXFrameworksBuildPhase section */
		F5B2EE681901FBE5007794DF /* Frameworks */ = {
			isa = PBXFrameworksBuildPhase;
			buildActionMask = 2147483647;
			files = (
			);
			runOnlyForDeploymentPostprocessing = 0;
		};
/* End PBXFrameworksBuildPhase section */

/* Begin PBXGroup section */
		F5B2EE621901FBE5007794DF = {
			isa = PBXGroup;
			children = (
				F5B2EE771901FC18007794DF /* qdf_tool.cpp */,
				F5B2EE791901FC3F007794DF /* qdf.h */,
				F5B2EE7A1901FC3F007794DF /* qdf.cpp */,
				F5B2EE6C1901FBE5007794DF /* Products */,
			);
			sourceTree = "<group>";
		};
		F5B2EE6C1901FBE5007794DF /* Products */ = {
			isa = PBXGroup;
			children = (
				F5B2EE6B1901FBE5007794DF /* qdf_tool */,
			);
			name = Products;
			sourceTree = "<group>";
		};
/* End PBXGroup section */

/* Begin PBXNativeTarget section */
		F5B2EE6A1901FBE5007794DF /* qdf_tool */ = {
			isa = PBXNativeTarget;
			buildConfigurationList = F5B2EE741901FBE5007794DF /* Build configuration list for PBXNativeTarget "qdf_tool" */;
			buildPhases = (
				F5B2EE671901FBE5007794DF /* Sources */,
				F5B2EE681901FBE5007794DF /* Frameworks */,
				F5B2EE691901FBE5007794DF /* CopyFiles */,
			);
			buildRules = (
			);
			dependencies = (
			);
			name = qdf_tool;
			productName = qdf_tool;
			productReference = F5B2EE6B1901FBE5007794DF /* qdf_tool */;
			productType = "com.apple.product-type.tool";
		};
/* End PBXNativeTarget section */

/* Begin PBXProject section */
		F5B2EE631901FBE5007794DF /* Project object */ = {
			isa = PBXProject;
			attributes = {
				LastUpgradeCheck = 0510;
			};
			buildConfigurationList = F5B2EE661901FBE5007794DF /* Build configuration list for PBXProject "qdf_tool" */;
			compatibilityVersion = "Xcode 3.2";
			developmentRegion = English;
			hasScannedForEncodings = 0;
			knownRegions = (
				en,
			);
			mainGroup = F5B2EE621901FBE5007794DF;
			productRefGroup = F5B2EE6C1901FBE5007794DF /* Products */;
			projectDirPath = "";
			projectRoot = "";
			targets = (
				F5B2EE6A1901FBE5007794DF /* qdf_tool */,
			);
		};
/* End PBXProject section */

/* Begin PBXSourcesBuildPhase section */
		F5B2EE671901FBE5007794DF /* Sources */ = {
			isa = PBXSourcesBuildPhase;
			buildActionMask = 2147483647;
			files = (
				F5B2EE781901FC18007794DF /* qdf_tool.cpp in Sources */,
				F5B2EE7B1901FC3F007794DF /* qdf.cpp in Sources */,
			);
			runOnlyForDeploymentPostprocessing = 0;
		};
/* End PBXSourcesBuildPhase section */

/* Begin XCBuildConfiguration section */
		F5B2EE721901FBE5007794DF /* Debug */ = {
			isa = XCBuildConfiguration;
			buildSettings = {
				ALWAYS_SEARCH_USER_PATHS = NO;
				CLANG_CXX_LANGUAGE_STANDARD = "compiler-default";
				CLANG_CXX_LIBRARY = "compiler-default";
				CLANG_ENABLE_MODULES = YES;
				CLANG_ENABLE_OBJC_ARC = YES;
				CLANG_WARN_BOOL_CONVERSION = YES;
				CLANG_WARN_CONSTANT_CONVERSION = YES;
				CLANG_WARN_DIRECT_OBJC_ISA_USAGE = YES_ERROR;
				CLANG_WARN_EMPTY_BODY = YES;
				CLANG_WARN_ENUM_CONVERSION = YES;
				CLANG_WARN_INT_CONVERSION = YES;
				CLANG_WARN_OBJC_ROOT_CLASS = YES_ERROR;
				CLANG_WARN__DUPLICATE_METHOD_MATCH = YES;
				CONFIGURATION_BUILD_DIR = ../bin/mac_debug;
				CONFIGURATION_TEMP_DIR = ../obj/mac_debug;
				COPY_PHASE_STRIP = NO;
				GCC_C_LANGUAGE_STANDARD = gnu99;
				GCC_DYNAMIC_NO_PIC = NO;
				GCC_ENABLE_OBJC_EXCEPTIONS = YES;
				GCC_OPTIMIZATION_LEVEL = 0;
				GCC_PREPROCESSOR_DEFINITIONS = (
					"DEBUG=1",
					"$(inherited)",
				);
				GCC_SYMBOLS_PRIVATE_EXTERN = NO;
				GCC_WARN_64_TO_32_BIT_CONVERSION = YES;
				GCC_WARN_ABOUT_RETURN_TYPE = YES_ERROR;
				GCC_WARN_UNDECLARED_SELECTOR = YES;
				GCC_WARN_UNINITIALIZED_AUTOS = YES_AGGRESSIVE;
				GCC_WARN_UNUSED_FUNCTION = YES;
				GCC_WARN_UNUSED_VARIABLE = YES;
				MACOSX_DEPLOYMENT_TARGET = 10.4;
				OBJROOT = ../obj/;
				ONLY_ACTIVE_ARCH = YES;
				SDKROOT = macosx;
				SYMROOT = ../bin/;
			};
			name = Debug;
		};
		F5B2EE731901FBE5007794DF /* Release */ = {
			isa = XCBuildConfiguration;
			buildSettings = {
				ALWAYS_SEARCH_USER_PATHS = NO;
				CLANG_CXX_LANGUAGE_STANDARD = "compiler-default";
				CLANG_CXX_LIBRARY = "compiler-default";
				CLANG_ENABLE_MODULES = YES;
				CLANG_ENABLE_OBJC_ARC = YES;
				CLANG_WARN_BOOL_CONVERSION = YES;
				CLANG_WARN_CONSTANT_CONVERSION = YES;
				CLANG_WARN_DIRECT_OBJC_ISA_USAGE = YES_ERROR;
				CLANG_WARN_EMPTY_BODY = YES;
				CLANG_WARN_ENUM_CONVERSION = YES;
				CLANG_WARN_INT_CONVERSION = YES;
				CLANG_WARN_OBJC_ROOT_CLASS = YES_ERROR;
				CLANG_WARN__DUPLICATE_METHOD_MATCH = YES;
				CONFIGURATION_BUILD_DIR = ../bin/mac_release;
				CONFIGURATION_TEMP_DIR = ../obj/mac_release;
				COPY_PHASE_STRIP = YES;
				DEBUG_INFORMATION_FORMAT = dwarf;
				ENABLE_NS_ASSERTIONS = NO;
				GCC_C_LANGUAGE_STANDARD = gnu99;
				GCC_ENABLE_OBJC_EXCEPTIONS = YES;
				GCC_WARN_64_TO_32_BIT_CONVERSION = YES;
				GCC_WARN_ABOUT_RETURN_TYPE = YES_ERROR;
				GCC_WARN_UNDECLARED_SELECTOR = YES;
				GCC_WARN_UNINITIALIZED_AUTOS = YES_AGGRESSIVE;
				GCC_WARN_UNUSED_FUNCTION = YES;
				GCC_WARN_UNUSED_VARIABLE = YES;
				MACOSX_DEPLOYMENT_TARGET = 10.4;
				OBJROOT = ../obj/;
				SDKROOT = macosx;
				SYMROOT = ../bin/;
			};
			name = Release;
		};
		F5B2EE751901FBE5007794DF /* Debug */ = {
			isa = XCBuildConfiguration;
			buildSettings = {
				PRODUCT_NAME = "$(TARGET_NAME)";
			};
			name = Debug;
		};
		F5B2EE761901FBE5007794DF /* Release */ = {
			isa = XCBuildConfiguration;
			buildSettings = {
				PRODUCT_NAME = "$(TARGET_NAME)";
			};
			name = Release;
		};
/* End XCBuildConfiguration section */

/* Begin XCConfigurationList section */
		F5B2EE661901FBE5007794DF /* Build configuration list for PBXProject "qdf_tool" */ = {
			isa = XCConfigurationList;
			buildConfigurations = (
				F5B2EE721901FBE5007794DF /* Debug */,
				F5B2EE731901FBE5007794DF /* Release */,
			);
			defaultConfigurationIsVisible = 0;
			defaultConfigurationName = Release;
		};
		F5B2EE741901FBE5007794DF /* Build configuration list for PBXNativeTarget "qdf_tool" */ = {
			isa = XCConfigurationList;
			buildConfigurations = (
				F5B2EE751901FBE5007794DF /* Debug */,
				F5B2EE761901FBE5007794DF /* Release */,
			);
			defaultConfigurationIsVisible = 0;
			defaultConfigurationName = Release;
		};
/* End XCConfigurationList section */
	};
	rootObject = F5B2EE631901FBE5007794DF /* Project object */;
}
